// !$*UTF8*$!
{
	archiveVersion = 1;
	classes = {
	};
	objectVersion = 46;
	objects = {

/* Begin PBXBuildFile section */
		AB83D6201C266F04001C516D /* AppDelegate.swift in Sources */ = {isa = PBXBuildFile; fileRef = AB83D61F1C266F04001C516D /* AppDelegate.swift */; };
		AB83D6221C266F04001C516D /* ViewController.swift in Sources */ = {isa = PBXBuildFile; fileRef = AB83D6211C266F04001C516D /* ViewController.swift */; };
		AB83D6251C266F04001C516D /* Main.storyboard in Resources */ = {isa = PBXBuildFile; fileRef = AB83D6231C266F04001C516D /* Main.storyboard */; };
		AB83D6271C266F04001C516D /* Assets.xcassets in Resources */ = {isa = PBXBuildFile; fileRef = AB83D6261C266F04001C516D /* Assets.xcassets */; };
		AB83D62A1C266F04001C516D /* LaunchScreen.storyboard in Resources */ = {isa = PBXBuildFile; fileRef = AB83D6281C266F04001C516D /* LaunchScreen.storyboard */; };
		AB83D6351C266F04001C516D /* CalendarAppTests.swift in Sources */ = {isa = PBXBuildFile; fileRef = AB83D6341C266F04001C516D /* CalendarAppTests.swift */; };
		AB83D6401C266F04001C516D /* CalendarAppUITests.swift in Sources */ = {isa = PBXBuildFile; fileRef = AB83D63F1C266F04001C516D /* CalendarAppUITests.swift */; };
/* End PBXBuildFile section */

/* Begin PBXContainerItemProxy section */
		AB83D6311C266F04001C516D /* PBXContainerItemProxy */ = {
			isa = PBXContainerItemProxy;
			containerPortal = AB83D6141C266F03001C516D /* Project object */;
			proxyType = 1;
			remoteGlobalIDString = AB83D61B1C266F03001C516D;
			remoteInfo = CalendarApp;
		};
		AB83D63C1C266F04001C516D /* PBXContainerItemProxy */ = {
			isa = PBXContainerItemProxy;
			containerPortal = AB83D6141C266F03001C516D /* Project object */;
			proxyType = 1;
			remoteGlobalIDString = AB83D61B1C266F03001C516D;
			remoteInfo = CalendarApp;
		};
/* End PBXContainerItemProxy section */

/* Begin PBXFileReference section */
		AB83D61C1C266F03001C516D /* CalendarApp.app */ = {isa = PBXFileReference; explicitFileType = wrapper.application; includeInIndex = 0; path = CalendarApp.app; sourceTree = BUILT_PRODUCTS_DIR; };
		AB83D61F1C266F04001C516D /* AppDelegate.swift */ = {isa = PBXFileReference; lastKnownFileType = sourcecode.swift; path = AppDelegate.swift; sourceTree = "<group>"; };
		AB83D6211C266F04001C516D /* ViewController.swift */ = {isa = PBXFileReference; lastKnownFileType = sourcecode.swift; path = ViewController.swift; sourceTree = "<group>"; };
		AB83D6241C266F04001C516D /* Base */ = {isa = PBXFileReference; lastKnownFileType = file.storyboard; name = Base; path = Base.lproj/Main.storyboard; sourceTree = "<group>"; };
		AB83D6261C266F04001C516D /* Assets.xcassets */ = {isa = PBXFileReference; lastKnownFileType = folder.assetcatalog; path = Assets.xcassets; sourceTree = "<group>"; };
		AB83D6291C266F04001C516D /* Base */ = {isa = PBXFileReference; lastKnownFileType = file.storyboard; name = Base; path = Base.lproj/LaunchScreen.storyboard; sourceTree = "<group>"; };
		AB83D62B1C266F04001C516D /* Info.plist */ = {isa = PBXFileReference; lastKnownFileType = text.plist.xml; path = Info.plist; sourceTree = "<group>"; };
		AB83D6301C266F04001C516D /* CalendarAppTests.xctest */ = {isa = PBXFileReference; explicitFileType = wrapper.cfbundle; includeInIndex = 0; path = CalendarAppTests.xctest; sourceTree = BUILT_PRODUCTS_DIR; };
		AB83D6341C266F04001C516D /* CalendarAppTests.swift */ = {isa = PBXFileReference; lastKnownFileType = sourcecode.swift; path = CalendarAppTests.swift; sourceTree = "<group>"; };
		AB83D6361C266F04001C516D /* Info.plist */ = {isa = PBXFileReference; lastKnownFileType = text.plist.xml; path = Info.plist; sourceTree = "<group>"; };
		AB83D63B1C266F04001C516D /* CalendarAppUITests.xctest */ = {isa = PBXFileReference; explicitFileType = wrapper.cfbundle; includeInIndex = 0; path = CalendarAppUITests.xctest; sourceTree = BUILT_PRODUCTS_DIR; };
		AB83D63F1C266F04001C516D /* CalendarAppUITests.swift */ = {isa = PBXFileReference; lastKnownFileType = sourcecode.swift; path = CalendarAppUITests.swift; sourceTree = "<group>"; };
		AB83D6411C266F04001C516D /* Info.plist */ = {isa = PBXFileReference; lastKnownFileType = text.plist.xml; path = Info.plist; sourceTree = "<group>"; };
/* End PBXFileReference section */

/* Begin PBXFrameworksBuildPhase section */
		AB83D6191C266F03001C516D /* Frameworks */ = {
			isa = PBXFrameworksBuildPhase;
			buildActionMask = 2147483647;
			files = (
			);
			runOnlyForDeploymentPostprocessing = 0;
		};
		AB83D62D1C266F04001C516D /* Frameworks */ = {
			isa = PBXFrameworksBuildPhase;
			buildActionMask = 2147483647;
			files = (
			);
			runOnlyForDeploymentPostprocessing = 0;
		};
		AB83D6381C266F04001C516D /* Frameworks */ = {
			isa = PBXFrameworksBuildPhase;
			buildActionMask = 2147483647;
			files = (
			);
			runOnlyForDeploymentPostprocessing = 0;
		};
/* End PBXFrameworksBuildPhase section */

/* Begin PBXGroup section */
		AB83D6131C266F02001C516D = {
			isa = PBXGroup;
			children = (
				AB83D61E1C266F03001C516D /* CalendarApp */,
				AB83D6331C266F04001C516D /* CalendarAppTests */,
				AB83D63E1C266F04001C516D /* CalendarAppUITests */,
				AB83D61D1C266F03001C516D /* Products */,
			);
			sourceTree = "<group>";
		};
		AB83D61D1C266F03001C516D /* Products */ = {
			isa = PBXGroup;
			children = (
				AB83D61C1C266F03001C516D /* CalendarApp.app */,
				AB83D6301C266F04001C516D /* CalendarAppTests.xctest */,
				AB83D63B1C266F04001C516D /* CalendarAppUITests.xctest */,
			);
			name = Products;
			sourceTree = "<group>";
		};
		AB83D61E1C266F03001C516D /* CalendarApp */ = {
			isa = PBXGroup;
			children = (
				AB83D61F1C266F04001C516D /* AppDelegate.swift */,
				AB83D6211C266F04001C516D /* ViewController.swift */,
				AB83D6231C266F04001C516D /* Main.storyboard */,
				AB83D6261C266F04001C516D /* Assets.xcassets */,
				AB83D6281C266F04001C516D /* LaunchScreen.storyboard */,
				AB83D62B1C266F04001C516D /* Info.plist */,
			);
			path = CalendarApp;
			sourceTree = "<group>";
		};
		AB83D6331C266F04001C516D /* CalendarAppTests */ = {
			isa = PBXGroup;
			children = (
				AB83D6341C266F04001C516D /* CalendarAppTests.swift */,
				AB83D6361C266F04001C516D /* Info.plist */,
			);
			path = CalendarAppTests;
			sourceTree = "<group>";
		};
		AB83D63E1C266F04001C516D /* CalendarAppUITests */ = {
			isa = PBXGroup;
			children = (
				AB83D63F1C266F04001C516D /* CalendarAppUITests.swift */,
				AB83D6411C266F04001C516D /* Info.plist */,
			);
			path = CalendarAppUITests;
			sourceTree = "<group>";
		};
/* End PBXGroup section */

/* Begin PBXNativeTarget section */
		AB83D61B1C266F03001C516D /* CalendarApp */ = {
			isa = PBXNativeTarget;
			buildConfigurationList = AB83D6441C266F04001C516D /* Build configuration list for PBXNativeTarget "CalendarApp" */;
			buildPhases = (
				AB83D6181C266F03001C516D /* Sources */,
				AB83D6191C266F03001C516D /* Frameworks */,
				AB83D61A1C266F03001C516D /* Resources */,
			);
			buildRules = (
			);
			dependencies = (
			);
			name = CalendarApp;
			productName = CalendarApp;
			productReference = AB83D61C1C266F03001C516D /* CalendarApp.app */;
			productType = "com.apple.product-type.application";
		};
		AB83D62F1C266F04001C516D /* CalendarAppTests */ = {
			isa = PBXNativeTarget;
			buildConfigurationList = AB83D6471C266F04001C516D /* Build configuration list for PBXNativeTarget "CalendarAppTests" */;
			buildPhases = (
				AB83D62C1C266F04001C516D /* Sources */,
				AB83D62D1C266F04001C516D /* Frameworks */,
				AB83D62E1C266F04001C516D /* Resources */,
			);
			buildRules = (
			);
			dependencies = (
				AB83D6321C266F04001C516D /* PBXTargetDependency */,
			);
			name = CalendarAppTests;
			productName = CalendarAppTests;
			productReference = AB83D6301C266F04001C516D /* CalendarAppTests.xctest */;
			productType = "com.apple.product-type.bundle.unit-test";
		};
		AB83D63A1C266F04001C516D /* CalendarAppUITests */ = {
			isa = PBXNativeTarget;
			buildConfigurationList = AB83D64A1C266F04001C516D /* Build configuration list for PBXNativeTarget "CalendarAppUITests" */;
			buildPhases = (
				AB83D6371C266F04001C516D /* Sources */,
				AB83D6381C266F04001C516D /* Frameworks */,
				AB83D6391C266F04001C516D /* Resources */,
			);
			buildRules = (
			);
			dependencies = (
				AB83D63D1C266F04001C516D /* PBXTargetDependency */,
			);
			name = CalendarAppUITests;
			productName = CalendarAppUITests;
			productReference = AB83D63B1C266F04001C516D /* CalendarAppUITests.xctest */;
			productType = "com.apple.product-type.bundle.ui-testing";
		};
/* End PBXNativeTarget section */

/* Begin PBXProject section */
		AB83D6141C266F03001C516D /* Project object */ = {
			isa = PBXProject;
			attributes = {
				LastSwiftUpdateCheck = 0710;
				LastUpgradeCheck = 0710;
				ORGANIZATIONNAME = "Lucas Pillar";
				TargetAttributes = {
					AB83D61B1C266F03001C516D = {
						CreatedOnToolsVersion = 7.1;
					};
					AB83D62F1C266F04001C516D = {
						CreatedOnToolsVersion = 7.1;
						TestTargetID = AB83D61B1C266F03001C516D;
					};
					AB83D63A1C266F04001C516D = {
						CreatedOnToolsVersion = 7.1;
						TestTargetID = AB83D61B1C266F03001C516D;
					};
				};
			};
			buildConfigurationList = AB83D6171C266F03001C516D /* Build configuration list for PBXProject "CalendarApp" */;
			compatibilityVersion = "Xcode 3.2";
			developmentRegion = English;
			hasScannedForEncodings = 0;
			knownRegions = (
				en,
				Base,
			);
			mainGroup = AB83D6131C266F02001C516D;
			productRefGroup = AB83D61D1C266F03001C516D /* Products */;
			projectDirPath = "";
			projectRoot = "";
			targets = (
				AB83D61B1C266F03001C516D /* CalendarApp */,
				AB83D62F1C266F04001C516D /* CalendarAppTests */,
				AB83D63A1C266F04001C516D /* CalendarAppUITests */,
			);
		};
/* End PBXProject section */

/* Begin PBXResourcesBuildPhase section */
		AB83D61A1C266F03001C516D /* Resources */ = {
			isa = PBXResourcesBuildPhase;
			buildActionMask = 2147483647;
			files = (
				AB83D62A1C266F04001C516D /* LaunchScreen.storyboard in Resources */,
				AB83D6271C266F04001C516D /* Assets.xcassets in Resources */,
				AB83D6251C266F04001C516D /* Main.storyboard in Resources */,
			);
			runOnlyForDeploymentPostprocessing = 0;
		};
		AB83D62E1C266F04001C516D /* Resources */ = {
			isa = PBXResourcesBuildPhase;
			buildActionMask = 2147483647;
			files = (
			);
			runOnlyForDeploymentPostprocessing = 0;
		};
		AB83D6391C266F04001C516D /* Resources */ = {
			isa = PBXResourcesBuildPhase;
			buildActionMask = 2147483647;
			files = (
			);
			runOnlyForDeploymentPostprocessing = 0;
		};
/* End PBXResourcesBuildPhase section */

/* Begin PBXSourcesBuildPhase section */
		AB83D6181C266F03001C516D /* Sources */ = {
			isa = PBXSourcesBuildPhase;
			buildActionMask = 2147483647;
			files = (
				AB83D6221C266F04001C516D /* ViewController.swift in Sources */,
				AB83D6201C266F04001C516D /* AppDelegate.swift in Sources */,
			);
			runOnlyForDeploymentPostprocessing = 0;
		};
		AB83D62C1C266F04001C516D /* Sources */ = {
			isa = PBXSourcesBuildPhase;
			buildActionMask = 2147483647;
			files = (
				AB83D6351C266F04001C516D /* CalendarAppTests.swift in Sources */,
			);
			runOnlyForDeploymentPostprocessing = 0;
		};
		AB83D6371C266F04001C516D /* Sources */ = {
			isa = PBXSourcesBuildPhase;
			buildActionMask = 2147483647;
			files = (
				AB83D6401C266F04001C516D /* CalendarAppUITests.swift in Sources */,
			);
			runOnlyForDeploymentPostprocessing = 0;
		};
/* End PBXSourcesBuildPhase section */

/* Begin PBXTargetDependency section */
		AB83D6321C266F04001C516D /* PBXTargetDependency */ = {
			isa = PBXTargetDependency;
			target = AB83D61B1C266F03001C516D /* CalendarApp */;
			targetProxy = AB83D6311C266F04001C516D /* PBXContainerItemProxy */;
		};
		AB83D63D1C266F04001C516D /* PBXTargetDependency */ = {
			isa = PBXTargetDependency;
			target = AB83D61B1C266F03001C516D /* CalendarApp */;
			targetProxy = AB83D63C1C266F04001C516D /* PBXContainerItemProxy */;
		};
/* End PBXTargetDependency section */

/* Begin PBXVariantGroup section */
		AB83D6231C266F04001C516D /* Main.storyboard */ = {
			isa = PBXVariantGroup;
			children = (
				AB83D6241C266F04001C516D /* Base */,
			);
			name = Main.storyboard;
			sourceTree = "<group>";
		};
		AB83D6281C266F04001C516D /* LaunchScreen.storyboard */ = {
			isa = PBXVariantGroup;
			children = (
				AB83D6291C266F04001C516D /* Base */,
			);
			name = LaunchScreen.storyboard;
			sourceTree = "<group>";
		};
/* End PBXVariantGroup section */

/* Begin XCBuildConfiguration section */
		AB83D6421C266F04001C516D /* Debug */ = {
			isa = XCBuildConfiguration;
			buildSettings = {
				ALWAYS_SEARCH_USER_PATHS = NO;
				CLANG_CXX_LANGUAGE_STANDARD = "gnu++0x";
				CLANG_CXX_LIBRARY = "libc++";
				CLANG_ENABLE_MODULES = YES;
				CLANG_ENABLE_OBJC_ARC = YES;
				CLANG_WARN_BOOL_CONVERSION = YES;
				CLANG_WARN_CONSTANT_CONVERSION = YES;
				CLANG_WARN_DIRECT_OBJC_ISA_USAGE = YES_ERROR;
				CLANG_WARN_EMPTY_BODY = YES;
				CLANG_WARN_ENUM_CONVERSION = YES;
				CLANG_WARN_INT_CONVERSION = YES;
				CLANG_WARN_OBJC_ROOT_CLASS = YES_ERROR;
				CLANG_WARN_UNREACHABLE_CODE = YES;
				CLANG_WARN__DUPLICATE_METHOD_MATCH = YES;
				"CODE_SIGN_IDENTITY[sdk=iphoneos*]" = "iPhone Developer";
				COPY_PHASE_STRIP = NO;
				DEBUG_INFORMATION_FORMAT = dwarf;
				ENABLE_STRICT_OBJC_MSGSEND = YES;
				ENABLE_TESTABILITY = YES;
				GCC_C_LANGUAGE_STANDARD = gnu99;
				GCC_DYNAMIC_NO_PIC = NO;
				GCC_NO_COMMON_BLOCKS = YES;
				GCC_OPTIMIZATION_LEVEL = 0;
				GCC_PREPROCESSOR_DEFINITIONS = (
					"DEBUG=1",
					"$(inherited)",
				);
				GCC_WARN_64_TO_32_BIT_CONVERSION = YES;
				GCC_WARN_ABOUT_RETURN_TYPE = YES_ERROR;
				GCC_WARN_UNDECLARED_SELECTOR = YES;
				GCC_WARN_UNINITIALIZED_AUTOS = YES_AGGRESSIVE;
				GCC_WARN_UNUSED_FUNCTION = YES;
				GCC_WARN_UNUSED_VARIABLE = YES;
				IPHONEOS_DEPLOYMENT_TARGET = 9.1;
				MTL_ENABLE_DEBUG_INFO = YES;
				ONLY_ACTIVE_ARCH = YES;
				SDKROOT = iphoneos;
				SWIFT_OPTIMIZATION_LEVEL = "-Onone";
			};
			name = Debug;
		};
		AB83D6431C266F04001C516D /* Release */ = {
			isa = XCBuildConfiguration;
			buildSettings = {
				ALWAYS_SEARCH_USER_PATHS = NO;
				CLANG_CXX_LANGUAGE_STANDARD = "gnu++0x";
				CLANG_CXX_LIBRARY = "libc++";
				CLANG_ENABLE_MODULES = YES;
				CLANG_ENABLE_OBJC_ARC = YES;
				CLANG_WARN_BOOL_CONVERSION = YES;
				CLANG_WARN_CONSTANT_CONVERSION = YES;
				CLANG_WARN_DIRECT_OBJC_ISA_USAGE = YES_ERROR;
				CLANG_WARN_EMPTY_BODY = YES;
				CLANG_WARN_ENUM_CONVERSION = YES;
				CLANG_WARN_INT_CONVERSION = YES;
				CLANG_WARN_OBJC_ROOT_CLASS = YES_ERROR;
				CLANG_WARN_UNREACHABLE_CODE = YES;
				CLANG_WARN__DUPLICATE_METHOD_MATCH = YES;
				"CODE_SIGN_IDENTITY[sdk=iphoneos*]" = "iPhone Developer";
				COPY_PHASE_STRIP = NO;
				DEBUG_INFORMATION_FORMAT = "dwarf-with-dsym";
				ENABLE_NS_ASSERTIONS = NO;
				ENABLE_STRICT_OBJC_MSGSEND = YES;
				GCC_C_LANGUAGE_STANDARD = gnu99;
				GCC_NO_COMMON_BLOCKS = YES;
				GCC_WARN_64_TO_32_BIT_CONVERSION = YES;
				GCC_WARN_ABOUT_RETURN_TYPE = YES_ERROR;
				GCC_WARN_UNDECLARED_SELECTOR = YES;
				GCC_WARN_UNINITIALIZED_AUTOS = YES_AGGRESSIVE;
				GCC_WARN_UNUSED_FUNCTION = YES;
				GCC_WARN_UNUSED_VARIABLE = YES;
				IPHONEOS_DEPLOYMENT_TARGET = 9.1;
				MTL_ENABLE_DEBUG_INFO = NO;
				SDKROOT = iphoneos;
				VALIDATE_PRODUCT = YES;
			};
			name = Release;
		};
		AB83D6451C266F04001C516D /* Debug */ = {
			isa = XCBuildConfiguration;
			buildSettings = {
				ASSETCATALOG_COMPILER_APPICON_NAME = AppIcon;
				INFOPLIST_FILE = CalendarApp/Info.plist;
				LD_RUNPATH_SEARCH_PATHS = "$(inherited) @executable_path/Frameworks";
				PRODUCT_BUNDLE_IDENTIFIER = ldpillar.CalendarApp;
				PRODUCT_NAME = "$(TARGET_NAME)";
			};
			name = Debug;
		};
		AB83D6461C266F04001C516D /* Release */ = {
			isa = XCBuildConfiguration;
			buildSettings = {
				ASSETCATALOG_COMPILER_APPICON_NAME = AppIcon;
				INFOPLIST_FILE = CalendarApp/Info.plist;
				LD_RUNPATH_SEARCH_PATHS = "$(inherited) @executable_path/Frameworks";
				PRODUCT_BUNDLE_IDENTIFIER = ldpillar.CalendarApp;
				PRODUCT_NAME = "$(TARGET_NAME)";
			};
			name = Release;
		};
		AB83D6481C266F04001C516D /* Debug */ = {
			isa = XCBuildConfiguration;
			buildSettings = {
				BUNDLE_LOADER = "$(TEST_HOST)";
				INFOPLIST_FILE = CalendarAppTests/Info.plist;
				LD_RUNPATH_SEARCH_PATHS = "$(inherited) @executable_path/Frameworks @loader_path/Frameworks";
				PRODUCT_BUNDLE_IDENTIFIER = ldpillar.CalendarAppTests;
				PRODUCT_NAME = "$(TARGET_NAME)";
				TEST_HOST = "$(BUILT_PRODUCTS_DIR)/CalendarApp.app/CalendarApp";
			};
			name = Debug;
		};
		AB83D6491C266F04001C516D /* Release */ = {
			isa = XCBuildConfiguration;
			buildSettings = {
				BUNDLE_LOADER = "$(TEST_HOST)";
				INFOPLIST_FILE = CalendarAppTests/Info.plist;
				LD_RUNPATH_SEARCH_PATHS = "$(inherited) @executable_path/Frameworks @loader_path/Frameworks";
				PRODUCT_BUNDLE_IDENTIFIER = ldpillar.CalendarAppTests;
				PRODUCT_NAME = "$(TARGET_NAME)";
				TEST_HOST = "$(BUILT_PRODUCTS_DIR)/CalendarApp.app/CalendarApp";
			};
			name = Release;
		};
		AB83D64B1C266F04001C516D /* Debug */ = {
			isa = XCBuildConfiguration;
			buildSettings = {
				INFOPLIST_FILE = CalendarAppUITests/Info.plist;
				LD_RUNPATH_SEARCH_PATHS = "$(inherited) @executable_path/Frameworks @loader_path/Frameworks";
				PRODUCT_BUNDLE_IDENTIFIER = ldpillar.CalendarAppUITests;
				PRODUCT_NAME = "$(TARGET_NAME)";
				TEST_TARGET_NAME = CalendarApp;
				USES_XCTRUNNER = YES;
			};
			name = Debug;
		};
		AB83D64C1C266F04001C516D /* Release */ = {
			isa = XCBuildConfiguration;
			buildSettings = {
				INFOPLIST_FILE = CalendarAppUITests/Info.plist;
				LD_RUNPATH_SEARCH_PATHS = "$(inherited) @executable_path/Frameworks @loader_path/Frameworks";
				PRODUCT_BUNDLE_IDENTIFIER = ldpillar.CalendarAppUITests;
				PRODUCT_NAME = "$(TARGET_NAME)";
				TEST_TARGET_NAME = CalendarApp;
				USES_XCTRUNNER = YES;
			};
			name = Release;
		};
/* End XCBuildConfiguration section */

/* Begin XCConfigurationList section */
		AB83D6171C266F03001C516D /* Build configuration list for PBXProject "CalendarApp" */ = {
			isa = XCConfigurationList;
			buildConfigurations = (
				AB83D6421C266F04001C516D /* Debug */,
				AB83D6431C266F04001C516D /* Release */,
			);
			defaultConfigurationIsVisible = 0;
			defaultConfigurationName = Release;
		};
		AB83D6441C266F04001C516D /* Build configuration list for PBXNativeTarget "CalendarApp" */ = {
			isa = XCConfigurationList;
			buildConfigurations = (
				AB83D6451C266F04001C516D /* Debug */,
				AB83D6461C266F04001C516D /* Release */,
			);
			defaultConfigurationIsVisible = 0;
		};
		AB83D6471C266F04001C516D /* Build configuration list for PBXNativeTarget "CalendarAppTests" */ = {
			isa = XCConfigurationList;
			buildConfigurations = (
				AB83D6481C266F04001C516D /* Debug */,
				AB83D6491C266F04001C516D /* Release */,
			);
			defaultConfigurationIsVisible = 0;
		};
		AB83D64A1C266F04001C516D /* Build configuration list for PBXNativeTarget "CalendarAppUITests" */ = {
			isa = XCConfigurationList;
			buildConfigurations = (
				AB83D64B1C266F04001C516D /* Debug */,
				AB83D64C1C266F04001C516D /* Release */,
			);
			defaultConfigurationIsVisible = 0;
		};
/* End XCConfigurationList section */
	};
	rootObject = AB83D6141C266F03001C516D /* Project object */;
}
